
Microsoft Visual Studio Solution File, Format Version 12.00
# Visual Studio Version 16
VisualStudioVersion = 16.0.29123.88
MinimumVisualStudioVersion = 10.0.40219.1
Project("{2150E333-8FDC-42A3-9474-1A3956D46DE8}") = "1.0-WebApi", "1.0-WebApi", "{9F4FC400-9046-47D6-8F53-0CF6CB7AE1CD}"
EndProject
Project("{2150E333-8FDC-42A3-9474-1A3956D46DE8}") = "2.0-Application", "2.0-Application", "{F6FE55A8-214A-429F-BA94-B837F6D21DC6}"
EndProject
Project("{2150E333-8FDC-42A3-9474-1A3956D46DE8}") = "3.0-Domain", "3.0-Domain", "{45DC8539-405E-4E03-9670-C6B22E5550CD}"
EndProject
Project("{2150E333-8FDC-42A3-9474-1A3956D46DE8}") = "5.0-Infra", "5.0-Infra", "{D2E9E3AB-036F-4CA5-A1DE-A4BDA5BD923F}"
EndProject
Project("{9A19103F-16F7-4668-BE54-9A1E7A4F7556}") = "BudgetControl.Domain", "BudgetContron.Domain\BudgetControl.Domain.csproj", "{E58978C8-3C4A-40A3-A6F3-4371C59739D0}"
EndProject
Project("{9A19103F-16F7-4668-BE54-9A1E7A4F7556}") = "BudgetControl.DomainCore", "BudgetControl.DomainCore\BudgetControl.DomainCore.csproj", "{0A8DA04F-70F0-4F39-B6C3-8BDCAAF156F0}"
EndProject
Project("{9A19103F-16F7-4668-BE54-9A1E7A4F7556}") = "BugetControl.Application", "BugetControl.Application\BugetControl.Application.csproj", "{8E0477E4-9EE1-490C-B12F-59F76BFD02FB}"
EndProject
Project("{9A19103F-16F7-4668-BE54-9A1E7A4F7556}") = "BugetControl.Application.DTO", "BugetControl.Application.DTO\BugetControl.Application.DTO.csproj", "{598260E8-B679-448D-9757-9646847CE4F5}"
EndProject
Project("{2150E333-8FDC-42A3-9474-1A3956D46DE8}") = "5.1-Data", "5.1-Data", "{7F06952A-6EFC-4E81-AF75-C7CA954FBCE4}"
EndProject
Project("{2150E333-8FDC-42A3-9474-1A3956D46DE8}") = "5.2-CrossCutting", "5.2-CrossCutting", "{0A39C16E-14DF-434C-BCA4-251318979D8E}"
EndProject
Project("{9A19103F-16F7-4668-BE54-9A1E7A4F7556}") = "BudgetControl.Infra.Data", "BudgetControl.Infra.Data\BudgetControl.Infra.Data.csproj", "{FFD63663-41F1-4526-B101-E573A028228D}"
EndProject
Project("{9A19103F-16F7-4668-BE54-9A1E7A4F7556}") = "BudgetControl.Infra.Repository", "BudgetControl.Infra.Repository\BudgetControl.Infra.Repository.csproj", "{4FF1356F-FC7A-42F5-8747-A23E49039738}"
EndProject
Project("{9A19103F-16F7-4668-BE54-9A1E7A4F7556}") = "BudgetControl.Infra.CrossCutting.Adapter", "BudgetControl.Infra.CrossCutting.Adapter\BudgetControl.Infra.CrossCutting.Adapter.csproj", "{528F616A-A690-4F09-BD2C-369333C1E452}"
EndProject
Project("{9A19103F-16F7-4668-BE54-9A1E7A4F7556}") = "BudgetControl.Infra.CrossCutting.IOC", "BudgetControl.Infra.CrossCutting.IOC\BudgetControl.Infra.CrossCutting.IOC.csproj", "{2AD21F4B-FA35-4C42-911A-12BA0ED0FFA8}"
EndProject
Project("{9A19103F-16F7-4668-BE54-9A1E7A4F7556}") = "BudgetWebAPI", "BudgetWebAPI\BudgetWebAPI.csproj", "{E1A5C345-FFF2-406F-9D2B-EC4B03D7EE1D}"
EndProject
Project("{2150E333-8FDC-42A3-9474-1A3956D46DE8}") = "4.0-Services", "4.0-Services", "{0B217F5E-A218-4481-B1CB-49199B218ADA}"
EndProject
Project("{9A19103F-16F7-4668-BE54-9A1E7A4F7556}") = "BudgetControl.Services", "BudgetControl.Services\BudgetControl.Services.csproj", "{3CF219FA-87EB-476F-ABD4-B32732527418}"
EndProject
Project("{9A19103F-16F7-4668-BE54-9A1E7A4F7556}") = "BudgetControl.Infra.CrossCutting.Token", "BudgetControl.Infra.CrossCutting.Token\BudgetControl.Infra.CrossCutting.Token.csproj", "{6AE947F0-346A-402B-AD4B-08CD985EF540}"
EndProject
Project("{2150E333-8FDC-42A3-9474-1A3956D46DE8}") = "6.0-Tests", "6.0-Tests", "{C7071824-B907-497A-BEFD-84CE57DC7FB9}"
EndProject
Global
	GlobalSection(SolutionConfigurationPlatforms) = preSolution
		Debug|Any CPU = Debug|Any CPU
		Release|Any CPU = Release|Any CPU
	EndGlobalSection
	GlobalSection(ProjectConfigurationPlatforms) = postSolution
		{E58978C8-3C4A-40A3-A6F3-4371C59739D0}.Debug|Any CPU.ActiveCfg = Debug|Any CPU
		{E58978C8-3C4A-40A3-A6F3-4371C59739D0}.Debug|Any CPU.Build.0 = Debug|Any CPU
		{E58978C8-3C4A-40A3-A6F3-4371C59739D0}.Release|Any CPU.ActiveCfg = Release|Any CPU
		{E58978C8-3C4A-40A3-A6F3-4371C59739D0}.Release|Any CPU.Build.0 = Release|Any CPU
		{0A8DA04F-70F0-4F39-B6C3-8BDCAAF156F0}.Debug|Any CPU.ActiveCfg = Debug|Any CPU
		{0A8DA04F-70F0-4F39-B6C3-8BDCAAF156F0}.Debug|Any CPU.Build.0 = Debug|Any CPU
		{0A8DA04F-70F0-4F39-B6C3-8BDCAAF156F0}.Release|Any CPU.ActiveCfg = Release|Any CPU
		{0A8DA04F-70F0-4F39-B6C3-8BDCAAF156F0}.Release|Any CPU.Build.0 = Release|Any CPU
		{8E0477E4-9EE1-490C-B12F-59F76BFD02FB}.Debug|Any CPU.ActiveCfg = Debug|Any CPU
		{8E0477E4-9EE1-490C-B12F-59F76BFD02FB}.Debug|Any CPU.Build.0 = Debug|Any CPU
		{8E0477E4-9EE1-490C-B12F-59F76BFD02FB}.Release|Any CPU.ActiveCfg = Release|Any CPU
		{8E0477E4-9EE1-490C-B12F-59F76BFD02FB}.Release|Any CPU.Build.0 = Release|Any CPU
		{598260E8-B679-448D-9757-9646847CE4F5}.Debug|Any CPU.ActiveCfg = Debug|Any CPU
		{598260E8-B679-448D-9757-9646847CE4F5}.Debug|Any CPU.Build.0 = Debug|Any CPU
		{598260E8-B679-448D-9757-9646847CE4F5}.Release|Any CPU.ActiveCfg = Release|Any CPU
		{598260E8-B679-448D-9757-9646847CE4F5}.Release|Any CPU.Build.0 = Release|Any CPU
		{FFD63663-41F1-4526-B101-E573A028228D}.Debug|Any CPU.ActiveCfg = Debug|Any CPU
		{FFD63663-41F1-4526-B101-E573A028228D}.Debug|Any CPU.Build.0 = Debug|Any CPU
		{FFD63663-41F1-4526-B101-E573A028228D}.Release|Any CPU.ActiveCfg = Release|Any CPU
		{FFD63663-41F1-4526-B101-E573A028228D}.Release|Any CPU.Build.0 = Release|Any CPU
		{4FF1356F-FC7A-42F5-8747-A23E49039738}.Debug|Any CPU.ActiveCfg = Debug|Any CPU
		{4FF1356F-FC7A-42F5-8747-A23E49039738}.Debug|Any CPU.Build.0 = Debug|Any CPU
		{4FF1356F-FC7A-42F5-8747-A23E49039738}.Release|Any CPU.ActiveCfg = Release|Any CPU
		{4FF1356F-FC7A-42F5-8747-A23E49039738}.Release|Any CPU.Build.0 = Release|Any CPU
		{528F616A-A690-4F09-BD2C-369333C1E452}.Debug|Any CPU.ActiveCfg = Debug|Any CPU
		{528F616A-A690-4F09-BD2C-369333C1E452}.Debug|Any CPU.Build.0 = Debug|Any CPU
		{528F616A-A690-4F09-BD2C-369333C1E452}.Release|Any CPU.ActiveCfg = Release|Any CPU
		{528F616A-A690-4F09-BD2C-369333C1E452}.Release|Any CPU.Build.0 = Release|Any CPU
		{2AD21F4B-FA35-4C42-911A-12BA0ED0FFA8}.Debug|Any CPU.ActiveCfg = Debug|Any CPU
		{2AD21F4B-FA35-4C42-911A-12BA0ED0FFA8}.Debug|Any CPU.Build.0 = Debug|Any CPU
		{2AD21F4B-FA35-4C42-911A-12BA0ED0FFA8}.Release|Any CPU.ActiveCfg = Release|Any CPU
		{2AD21F4B-FA35-4C42-911A-12BA0ED0FFA8}.Release|Any CPU.Build.0 = Release|Any CPU
		{E1A5C345-FFF2-406F-9D2B-EC4B03D7EE1D}.Debug|Any CPU.ActiveCfg = Debug|Any CPU
		{E1A5C345-FFF2-406F-9D2B-EC4B03D7EE1D}.Debug|Any CPU.Build.0 = Debug|Any CPU
		{E1A5C345-FFF2-406F-9D2B-EC4B03D7EE1D}.Release|Any CPU.ActiveCfg = Release|Any CPU
		{E1A5C345-FFF2-406F-9D2B-EC4B03D7EE1D}.Release|Any CPU.Build.0 = Release|Any CPU
		{3CF219FA-87EB-476F-ABD4-B32732527418}.Debug|Any CPU.ActiveCfg = Debug|Any CPU
		{3CF219FA-87EB-476F-ABD4-B32732527418}.Debug|Any CPU.Build.0 = Debug|Any CPU
		{3CF219FA-87EB-476F-ABD4-B32732527418}.Release|Any CPU.ActiveCfg = Release|Any CPU
		{3CF219FA-87EB-476F-ABD4-B32732527418}.Release|Any CPU.Build.0 = Release|Any CPU
		{6AE947F0-346A-402B-AD4B-08CD985EF540}.Debug|Any CPU.ActiveCfg = Debug|Any CPU
		{6AE947F0-346A-402B-AD4B-08CD985EF540}.Debug|Any CPU.Build.0 = Debug|Any CPU
		{6AE947F0-346A-402B-AD4B-08CD985EF540}.Release|Any CPU.ActiveCfg = Release|Any CPU
		{6AE947F0-346A-402B-AD4B-08CD985EF540}.Release|Any CPU.Build.0 = Release|Any CPU
	EndGlobalSection
	GlobalSection(SolutionProperties) = preSolution
		HideSolutionNode = FALSE
	EndGlobalSection
	GlobalSection(NestedProjects) = preSolution
		{E58978C8-3C4A-40A3-A6F3-4371C59739D0} = {45DC8539-405E-4E03-9670-C6B22E5550CD}
		{0A8DA04F-70F0-4F39-B6C3-8BDCAAF156F0} = {45DC8539-405E-4E03-9670-C6B22E5550CD}
		{8E0477E4-9EE1-490C-B12F-59F76BFD02FB} = {F6FE55A8-214A-429F-BA94-B837F6D21DC6}
		{598260E8-B679-448D-9757-9646847CE4F5} = {F6FE55A8-214A-429F-BA94-B837F6D21DC6}
		{7F06952A-6EFC-4E81-AF75-C7CA954FBCE4} = {D2E9E3AB-036F-4CA5-A1DE-A4BDA5BD923F}
		{0A39C16E-14DF-434C-BCA4-251318979D8E} = {D2E9E3AB-036F-4CA5-A1DE-A4BDA5BD923F}
		{FFD63663-41F1-4526-B101-E573A028228D} = {7F06952A-6EFC-4E81-AF75-C7CA954FBCE4}
		{4FF1356F-FC7A-42F5-8747-A23E49039738} = {7F06952A-6EFC-4E81-AF75-C7CA954FBCE4}
		{528F616A-A690-4F09-BD2C-369333C1E452} = {0A39C16E-14DF-434C-BCA4-251318979D8E}
		{2AD21F4B-FA35-4C42-911A-12BA0ED0FFA8} = {0A39C16E-14DF-434C-BCA4-251318979D8E}
		{E1A5C345-FFF2-406F-9D2B-EC4B03D7EE1D} = {9F4FC400-9046-47D6-8F53-0CF6CB7AE1CD}
		{3CF219FA-87EB-476F-ABD4-B32732527418} = {0B217F5E-A218-4481-B1CB-49199B218ADA}
		{6AE947F0-346A-402B-AD4B-08CD985EF540} = {0A39C16E-14DF-434C-BCA4-251318979D8E}
	EndGlobalSection
	GlobalSection(ExtensibilityGlobals) = postSolution
		SolutionGuid = {3D0E01E4-252B-455D-9894-CB4BFC8B6F89}
	EndGlobalSection
EndGlobal
